
Microsoft Visual Studio Solution File, Format Version 12.00
# Visual Studio 15
VisualStudioVersion = 15.0.27004.2005
MinimumVisualStudioVersion = 10.0.40219.1
Project("{FAE04EC0-301F-11D3-BF4B-00C04F79EFBC}") = "Config4Net", "Config4Net\Config4Net.csproj", "{BF637CCC-E60F-4B7A-9712-F3011D1AC14B}"
EndProject
Project("{FAE04EC0-301F-11D3-BF4B-00C04F79EFBC}") = "Config4Net.Tests", "Config4Net.Tests\Config4Net.Tests.csproj", "{8EDF4429-251A-416D-BB68-93F227191BCF}"
EndProject
Global
	GlobalSection(SolutionConfigurationPlatforms) = preSolution
		Debug|Any CPU = Debug|Any CPU
		Release|Any CPU = Release|Any CPU
	EndGlobalSection
	GlobalSection(ProjectConfigurationPlatforms) = postSolution
		{BF637CCC-E60F-4B7A-9712-F3011D1AC14B}.Debug|Any CPU.ActiveCfg = Debug|Any CPU
		{BF637CCC-E60F-4B7A-9712-F3011D1AC14B}.Debug|Any CPU.Build.0 = Debug|Any CPU
		{BF637CCC-E60F-4B7A-9712-F3011D1AC14B}.Release|Any CPU.ActiveCfg = Release|Any CPU
		{BF637CCC-E60F-4B7A-9712-F3011D1AC14B}.Release|Any CPU.Build.0 = Release|Any CPU
		{8EDF4429-251A-416D-BB68-93F227191BCF}.Debug|Any CPU.ActiveCfg = Debug|Any CPU
		{8EDF4429-251A-416D-BB68-93F227191BCF}.Debug|Any CPU.Build.0 = Debug|Any CPU
		{8EDF4429-251A-416D-BB68-93F227191BCF}.Release|Any CPU.ActiveCfg = Release|Any CPU
		{8EDF4429-251A-416D-BB68-93F227191BCF}.Release|Any CPU.Build.0 = Release|Any CPU
	EndGlobalSection
	GlobalSection(SolutionProperties) = preSolution
		HideSolutionNode = FALSE
	EndGlobalSection
	GlobalSection(ExtensibilityGlobals) = postSolution
		SolutionGuid = {51F761EB-495E-400F-B042-38D8D16AD9A6}
	EndGlobalSection
EndGlobal
